
Microsoft Visual Studio Solution File, Format Version 12.00
# Visual Studio Version 17
VisualStudioVersion = 17.7.34202.233
MinimumVisualStudioVersion = 10.0.40219.1
Project("{9A19103F-16F7-4668-BE54-9A1E7A4F7556}") = "Odev3Renk", "Odev3Renk\Odev3Renk.csproj", "{16A95A0B-882F-4A5A-B658-799C18DA54E3}"
EndProject
Project("{9A19103F-16F7-4668-BE54-9A1E7A4F7556}") = "Odev3_Sifre", "Odev3_Sifre\Odev3_Sifre.csproj", "{41BB6012-C574-4E8C-8591-728A5B3D8587}"
EndProject
Project("{9A19103F-16F7-4668-BE54-9A1E7A4F7556}") = "Odev3_Hesapla", "Odev3_Hesapla\Odev3_Hesapla.csproj", "{F2F7E79F-48E1-49A2-9DDD-69A70A055B85}"
EndProject
Project("{9A19103F-16F7-4668-BE54-9A1E7A4F7556}") = "Odev3_Calisan", "Odev3_Calisan\Odev3_Calisan.csproj", "{025A2E4E-E13D-401E-8A64-0C8C7D849157}"
EndProject
Project("{9A19103F-16F7-4668-BE54-9A1E7A4F7556}") = "Odev3_Canta", "Odev3_Canta\Odev3_Canta.csproj", "{5451A9EE-D0D2-4FAE-B412-26AA55055FBC}"
EndProject
Project("{9A19103F-16F7-4668-BE54-9A1E7A4F7556}") = "OOP_Inheritance", "OOP_Inheritance\OOP_Inheritance.csproj", "{328ABCB9-9403-48E2-9EBF-547F489F71C9}"
EndProject
Project("{9A19103F-16F7-4668-BE54-9A1E7A4F7556}") = "Odev4", "Odev4\Odev4.csproj", "{7DFD37D5-A1F5-44BD-A204-8E0E7C47F089}"
EndProject
Project("{9A19103F-16F7-4668-BE54-9A1E7A4F7556}") = "OOP_Abstraction", "OOP_Abstraction\OOP_Abstraction.csproj", "{52A4CD32-0DBF-4F0C-907E-7B97B5ADEE9F}"
EndProject
Project("{9A19103F-16F7-4668-BE54-9A1E7A4F7556}") = "OOP_Polymorphism", "OOP_Polymorphism\OOP_Polymorphism.csproj", "{9F5ED9F3-8ACD-48CD-BEDE-25E28D022563}"
EndProject
Project("{9A19103F-16F7-4668-BE54-9A1E7A4F7556}") = "Odev5", "Odev5\Odev5.csproj", "{E44D7DEC-714D-4047-BB33-BB567EE61EBE}"
EndProject
Project("{9A19103F-16F7-4668-BE54-9A1E7A4F7556}") = "EnumStaticSealed", "EnumStaticSealed\EnumStaticSealed.csproj", "{48C553AD-88FA-4299-933E-6F8DDA93DFB1}"
EndProject
Project("{9A19103F-16F7-4668-BE54-9A1E7A4F7556}") = "EnumFormAlistirma", "EnumFormAlistirma\EnumFormAlistirma.csproj", "{B3037848-4D66-42A6-A1F8-3BA572810DDD}"
EndProject
Project("{9A19103F-16F7-4668-BE54-9A1E7A4F7556}") = "StaticVeStructlar", "StaticVeStructlar\StaticVeStructlar.csproj", "{157C9BBC-ACD7-4BFD-9EBD-B3EEC9FB92E8}"
EndProject
Project("{9A19103F-16F7-4668-BE54-9A1E7A4F7556}") = "Odev6_Araba", "Odev6_Araba\Odev6_Araba.csproj", "{902647CD-FF03-49F7-962E-22F9B5198A3B}"
EndProject
Project("{9A19103F-16F7-4668-BE54-9A1E7A4F7556}") = "Odev6_Kitap", "Odev6_Kitap\Odev6_Kitap.csproj", "{33B492E2-82C7-47FD-9459-C0824E30DDF6}"
EndProject
Project("{9A19103F-16F7-4668-BE54-9A1E7A4F7556}") = "Odev6_Piece", "Odev6_Piece\Odev6_Piece.csproj", "{16A60302-9A61-44C9-A412-9E40D1FB68A7}"
EndProject
Project("{9A19103F-16F7-4668-BE54-9A1E7A4F7556}") = "DelegatesEvents", "DelegatesEvents\DelegatesEvents.csproj", "{7AEF93BC-CDA8-48C6-8F7F-2B92815946C8}"
EndProject
Project("{9A19103F-16F7-4668-BE54-9A1E7A4F7556}") = "BankaUygulamasi", "BankaUygulamasi\BankaUygulamasi.csproj", "{CF1CC69D-1EA3-4A3E-A4EB-13B794E56B46}"
EndProject
Project("{9A19103F-16F7-4668-BE54-9A1E7A4F7556}") = "BankaUygulamasi.AltYapi", "BankaUygulamasi.AltYapi\BankaUygulamasi.AltYapi.csproj", "{17BB4C85-D538-4D6A-A3AB-DED76B26517E}"
EndProject
Project("{9A19103F-16F7-4668-BE54-9A1E7A4F7556}") = "RandomButonOyunu", "RandomButonOyunu\RandomButonOyunu.csproj", "{25B1E1C2-25C6-46AF-9069-8E3B663DF6B5}"
EndProject
Project("{9A19103F-16F7-4668-BE54-9A1E7A4F7556}") = "UniversiteDBFirst", "UniversiteDBFirst\UniversiteDBFirst.csproj", "{35424B10-4FE0-4123-B420-A5D0024B7909}"
EndProject
Project("{9A19103F-16F7-4668-BE54-9A1E7A4F7556}") = "CodeFirstUniversite", "CodeFirstUniversite\CodeFirstUniversite.csproj", "{A58DF6F9-AC15-417C-B947-EA2556F71B3E}"
EndProject
Project("{FAE04EC0-301F-11D3-BF4B-00C04F79EFBC}") = "FabrikaCodeFirst", "FabrikaCodeFirst\FabrikaCodeFirst.csproj", "{DFF0E139-A6E8-4848-9FE8-6C50FABBAA29}"
EndProject
Global
	GlobalSection(SolutionConfigurationPlatforms) = preSolution
		Debug|Any CPU = Debug|Any CPU
		Release|Any CPU = Release|Any CPU
	EndGlobalSection
	GlobalSection(ProjectConfigurationPlatforms) = postSolution
		{16A95A0B-882F-4A5A-B658-799C18DA54E3}.Debug|Any CPU.ActiveCfg = Debug|Any CPU
		{16A95A0B-882F-4A5A-B658-799C18DA54E3}.Debug|Any CPU.Build.0 = Debug|Any CPU
		{16A95A0B-882F-4A5A-B658-799C18DA54E3}.Release|Any CPU.ActiveCfg = Release|Any CPU
		{16A95A0B-882F-4A5A-B658-799C18DA54E3}.Release|Any CPU.Build.0 = Release|Any CPU
		{41BB6012-C574-4E8C-8591-728A5B3D8587}.Debug|Any CPU.ActiveCfg = Debug|Any CPU
		{41BB6012-C574-4E8C-8591-728A5B3D8587}.Debug|Any CPU.Build.0 = Debug|Any CPU
		{41BB6012-C574-4E8C-8591-728A5B3D8587}.Release|Any CPU.ActiveCfg = Release|Any CPU
		{41BB6012-C574-4E8C-8591-728A5B3D8587}.Release|Any CPU.Build.0 = Release|Any CPU
		{F2F7E79F-48E1-49A2-9DDD-69A70A055B85}.Debug|Any CPU.ActiveCfg = Debug|Any CPU
		{F2F7E79F-48E1-49A2-9DDD-69A70A055B85}.Debug|Any CPU.Build.0 = Debug|Any CPU
		{F2F7E79F-48E1-49A2-9DDD-69A70A055B85}.Release|Any CPU.ActiveCfg = Release|Any CPU
		{F2F7E79F-48E1-49A2-9DDD-69A70A055B85}.Release|Any CPU.Build.0 = Release|Any CPU
		{025A2E4E-E13D-401E-8A64-0C8C7D849157}.Debug|Any CPU.ActiveCfg = Debug|Any CPU
		{025A2E4E-E13D-401E-8A64-0C8C7D849157}.Debug|Any CPU.Build.0 = Debug|Any CPU
		{025A2E4E-E13D-401E-8A64-0C8C7D849157}.Release|Any CPU.ActiveCfg = Release|Any CPU
		{025A2E4E-E13D-401E-8A64-0C8C7D849157}.Release|Any CPU.Build.0 = Release|Any CPU
		{5451A9EE-D0D2-4FAE-B412-26AA55055FBC}.Debug|Any CPU.ActiveCfg = Debug|Any CPU
		{5451A9EE-D0D2-4FAE-B412-26AA55055FBC}.Debug|Any CPU.Build.0 = Debug|Any CPU
		{5451A9EE-D0D2-4FAE-B412-26AA55055FBC}.Release|Any CPU.ActiveCfg = Release|Any CPU
		{5451A9EE-D0D2-4FAE-B412-26AA55055FBC}.Release|Any CPU.Build.0 = Release|Any CPU
		{328ABCB9-9403-48E2-9EBF-547F489F71C9}.Debug|Any CPU.ActiveCfg = Debug|Any CPU
		{328ABCB9-9403-48E2-9EBF-547F489F71C9}.Debug|Any CPU.Build.0 = Debug|Any CPU
		{328ABCB9-9403-48E2-9EBF-547F489F71C9}.Release|Any CPU.ActiveCfg = Release|Any CPU
		{328ABCB9-9403-48E2-9EBF-547F489F71C9}.Release|Any CPU.Build.0 = Release|Any CPU
		{7DFD37D5-A1F5-44BD-A204-8E0E7C47F089}.Debug|Any CPU.ActiveCfg = Debug|Any CPU
		{7DFD37D5-A1F5-44BD-A204-8E0E7C47F089}.Debug|Any CPU.Build.0 = Debug|Any CPU
		{7DFD37D5-A1F5-44BD-A204-8E0E7C47F089}.Release|Any CPU.ActiveCfg = Release|Any CPU
		{7DFD37D5-A1F5-44BD-A204-8E0E7C47F089}.Release|Any CPU.Build.0 = Release|Any CPU
		{52A4CD32-0DBF-4F0C-907E-7B97B5ADEE9F}.Debug|Any CPU.ActiveCfg = Debug|Any CPU
		{52A4CD32-0DBF-4F0C-907E-7B97B5ADEE9F}.Debug|Any CPU.Build.0 = Debug|Any CPU
		{52A4CD32-0DBF-4F0C-907E-7B97B5ADEE9F}.Release|Any CPU.ActiveCfg = Release|Any CPU
		{52A4CD32-0DBF-4F0C-907E-7B97B5ADEE9F}.Release|Any CPU.Build.0 = Release|Any CPU
		{9F5ED9F3-8ACD-48CD-BEDE-25E28D022563}.Debug|Any CPU.ActiveCfg = Debug|Any CPU
		{9F5ED9F3-8ACD-48CD-BEDE-25E28D022563}.Debug|Any CPU.Build.0 = Debug|Any CPU
		{9F5ED9F3-8ACD-48CD-BEDE-25E28D022563}.Release|Any CPU.ActiveCfg = Release|Any CPU
		{9F5ED9F3-8ACD-48CD-BEDE-25E28D022563}.Release|Any CPU.Build.0 = Release|Any CPU
		{E44D7DEC-714D-4047-BB33-BB567EE61EBE}.Debug|Any CPU.ActiveCfg = Debug|Any CPU
		{E44D7DEC-714D-4047-BB33-BB567EE61EBE}.Debug|Any CPU.Build.0 = Debug|Any CPU
		{E44D7DEC-714D-4047-BB33-BB567EE61EBE}.Release|Any CPU.ActiveCfg = Release|Any CPU
		{E44D7DEC-714D-4047-BB33-BB567EE61EBE}.Release|Any CPU.Build.0 = Release|Any CPU
		{48C553AD-88FA-4299-933E-6F8DDA93DFB1}.Debug|Any CPU.ActiveCfg = Debug|Any CPU
		{48C553AD-88FA-4299-933E-6F8DDA93DFB1}.Debug|Any CPU.Build.0 = Debug|Any CPU
		{48C553AD-88FA-4299-933E-6F8DDA93DFB1}.Release|Any CPU.ActiveCfg = Release|Any CPU
		{48C553AD-88FA-4299-933E-6F8DDA93DFB1}.Release|Any CPU.Build.0 = Release|Any CPU
		{B3037848-4D66-42A6-A1F8-3BA572810DDD}.Debug|Any CPU.ActiveCfg = Debug|Any CPU
		{B3037848-4D66-42A6-A1F8-3BA572810DDD}.Debug|Any CPU.Build.0 = Debug|Any CPU
		{B3037848-4D66-42A6-A1F8-3BA572810DDD}.Release|Any CPU.ActiveCfg = Release|Any CPU
		{B3037848-4D66-42A6-A1F8-3BA572810DDD}.Release|Any CPU.Build.0 = Release|Any CPU
		{157C9BBC-ACD7-4BFD-9EBD-B3EEC9FB92E8}.Debug|Any CPU.ActiveCfg = Debug|Any CPU
		{157C9BBC-ACD7-4BFD-9EBD-B3EEC9FB92E8}.Debug|Any CPU.Build.0 = Debug|Any CPU
		{157C9BBC-ACD7-4BFD-9EBD-B3EEC9FB92E8}.Release|Any CPU.ActiveCfg = Release|Any CPU
		{157C9BBC-ACD7-4BFD-9EBD-B3EEC9FB92E8}.Release|Any CPU.Build.0 = Release|Any CPU
		{902647CD-FF03-49F7-962E-22F9B5198A3B}.Debug|Any CPU.ActiveCfg = Debug|Any CPU
		{902647CD-FF03-49F7-962E-22F9B5198A3B}.Debug|Any CPU.Build.0 = Debug|Any CPU
		{902647CD-FF03-49F7-962E-22F9B5198A3B}.Release|Any CPU.ActiveCfg = Release|Any CPU
		{902647CD-FF03-49F7-962E-22F9B5198A3B}.Release|Any CPU.Build.0 = Release|Any CPU
		{33B492E2-82C7-47FD-9459-C0824E30DDF6}.Debug|Any CPU.ActiveCfg = Debug|Any CPU
		{33B492E2-82C7-47FD-9459-C0824E30DDF6}.Debug|Any CPU.Build.0 = Debug|Any CPU
		{33B492E2-82C7-47FD-9459-C0824E30DDF6}.Release|Any CPU.ActiveCfg = Release|Any CPU
		{33B492E2-82C7-47FD-9459-C0824E30DDF6}.Release|Any CPU.Build.0 = Release|Any CPU
		{16A60302-9A61-44C9-A412-9E40D1FB68A7}.Debug|Any CPU.ActiveCfg = Debug|Any CPU
		{16A60302-9A61-44C9-A412-9E40D1FB68A7}.Debug|Any CPU.Build.0 = Debug|Any CPU
		{16A60302-9A61-44C9-A412-9E40D1FB68A7}.Release|Any CPU.ActiveCfg = Release|Any CPU
		{16A60302-9A61-44C9-A412-9E40D1FB68A7}.Release|Any CPU.Build.0 = Release|Any CPU
		{7AEF93BC-CDA8-48C6-8F7F-2B92815946C8}.Debug|Any CPU.ActiveCfg = Debug|Any CPU
		{7AEF93BC-CDA8-48C6-8F7F-2B92815946C8}.Debug|Any CPU.Build.0 = Debug|Any CPU
		{7AEF93BC-CDA8-48C6-8F7F-2B92815946C8}.Release|Any CPU.ActiveCfg = Release|Any CPU
		{7AEF93BC-CDA8-48C6-8F7F-2B92815946C8}.Release|Any CPU.Build.0 = Release|Any CPU
		{CF1CC69D-1EA3-4A3E-A4EB-13B794E56B46}.Debug|Any CPU.ActiveCfg = Debug|Any CPU
		{CF1CC69D-1EA3-4A3E-A4EB-13B794E56B46}.Debug|Any CPU.Build.0 = Debug|Any CPU
		{CF1CC69D-1EA3-4A3E-A4EB-13B794E56B46}.Release|Any CPU.ActiveCfg = Release|Any CPU
		{CF1CC69D-1EA3-4A3E-A4EB-13B794E56B46}.Release|Any CPU.Build.0 = Release|Any CPU
		{17BB4C85-D538-4D6A-A3AB-DED76B26517E}.Debug|Any CPU.ActiveCfg = Debug|Any CPU
		{17BB4C85-D538-4D6A-A3AB-DED76B26517E}.Debug|Any CPU.Build.0 = Debug|Any CPU
		{17BB4C85-D538-4D6A-A3AB-DED76B26517E}.Release|Any CPU.ActiveCfg = Release|Any CPU
		{17BB4C85-D538-4D6A-A3AB-DED76B26517E}.Release|Any CPU.Build.0 = Release|Any CPU
		{25B1E1C2-25C6-46AF-9069-8E3B663DF6B5}.Debug|Any CPU.ActiveCfg = Debug|Any CPU
		{25B1E1C2-25C6-46AF-9069-8E3B663DF6B5}.Debug|Any CPU.Build.0 = Debug|Any CPU
		{25B1E1C2-25C6-46AF-9069-8E3B663DF6B5}.Release|Any CPU.ActiveCfg = Release|Any CPU
		{25B1E1C2-25C6-46AF-9069-8E3B663DF6B5}.Release|Any CPU.Build.0 = Release|Any CPU
		{35424B10-4FE0-4123-B420-A5D0024B7909}.Debug|Any CPU.ActiveCfg = Debug|Any CPU
		{35424B10-4FE0-4123-B420-A5D0024B7909}.Debug|Any CPU.Build.0 = Debug|Any CPU
		{35424B10-4FE0-4123-B420-A5D0024B7909}.Release|Any CPU.ActiveCfg = Release|Any CPU
		{35424B10-4FE0-4123-B420-A5D0024B7909}.Release|Any CPU.Build.0 = Release|Any CPU
		{A58DF6F9-AC15-417C-B947-EA2556F71B3E}.Debug|Any CPU.ActiveCfg = Debug|Any CPU
		{A58DF6F9-AC15-417C-B947-EA2556F71B3E}.Debug|Any CPU.Build.0 = Debug|Any CPU
		{A58DF6F9-AC15-417C-B947-EA2556F71B3E}.Release|Any CPU.ActiveCfg = Release|Any CPU
		{A58DF6F9-AC15-417C-B947-EA2556F71B3E}.Release|Any CPU.Build.0 = Release|Any CPU
		{DFF0E139-A6E8-4848-9FE8-6C50FABBAA29}.Debug|Any CPU.ActiveCfg = Debug|Any CPU
		{DFF0E139-A6E8-4848-9FE8-6C50FABBAA29}.Debug|Any CPU.Build.0 = Debug|Any CPU
		{DFF0E139-A6E8-4848-9FE8-6C50FABBAA29}.Release|Any CPU.ActiveCfg = Release|Any CPU
		{DFF0E139-A6E8-4848-9FE8-6C50FABBAA29}.Release|Any CPU.Build.0 = Release|Any CPU
	EndGlobalSection
	GlobalSection(SolutionProperties) = preSolution
		HideSolutionNode = FALSE
	EndGlobalSection
	GlobalSection(ExtensibilityGlobals) = postSolution
		SolutionGuid = {99BF72C2-9148-4908-A30B-B248CDD2942B}
	EndGlobalSection
EndGlobal
