
Microsoft Visual Studio Solution File, Format Version 12.00
# Visual Studio Version 17
VisualStudioVersion = 17.2.32616.157
MinimumVisualStudioVersion = 10.0.40219.1
Project("{FAE04EC0-301F-11D3-BF4B-00C04F79EFBC}") = "Geometrik_Şekiller", "Geometrik_Şekiller\Geometrik_Şekiller.csproj", "{70F8B2E7-BF5A-4C9C-A85B-A6849A423D41}"
EndProject
Global
	GlobalSection(SolutionConfigurationPlatforms) = preSolution
		Debug|Any CPU = Debug|Any CPU
		Release|Any CPU = Release|Any CPU
	EndGlobalSection
	GlobalSection(ProjectConfigurationPlatforms) = postSolution
		{70F8B2E7-BF5A-4C9C-A85B-A6849A423D41}.Debug|Any CPU.ActiveCfg = Debug|Any CPU
		{70F8B2E7-BF5A-4C9C-A85B-A6849A423D41}.Debug|Any CPU.Build.0 = Debug|Any CPU
		{70F8B2E7-BF5A-4C9C-A85B-A6849A423D41}.Release|Any CPU.ActiveCfg = Release|Any CPU
		{70F8B2E7-BF5A-4C9C-A85B-A6849A423D41}.Release|Any CPU.Build.0 = Release|Any CPU
	EndGlobalSection
	GlobalSection(SolutionProperties) = preSolution
		HideSolutionNode = FALSE
	EndGlobalSection
	GlobalSection(ExtensibilityGlobals) = postSolution
		SolutionGuid = {F42B789C-3DC8-4764-A789-0097009A094E}
	EndGlobalSection
EndGlobal
