
Microsoft Visual Studio Solution File, Format Version 12.00
# Visual Studio Version 17
VisualStudioVersion = 17.8.34330.188
MinimumVisualStudioVersion = 10.0.40219.1
Project("{FAE04EC0-301F-11D3-BF4B-00C04F79EFBC}") = "WebApplication7", "WebApplication7\WebApplication7.csproj", "{228D9FF3-F035-4832-9557-3A4EEB9DDFBF}"
EndProject
Global
	GlobalSection(SolutionConfigurationPlatforms) = preSolution
		Debug|Any CPU = Debug|Any CPU
		Release|Any CPU = Release|Any CPU
	EndGlobalSection
	GlobalSection(ProjectConfigurationPlatforms) = postSolution
		{228D9FF3-F035-4832-9557-3A4EEB9DDFBF}.Debug|Any CPU.ActiveCfg = Debug|Any CPU
		{228D9FF3-F035-4832-9557-3A4EEB9DDFBF}.Debug|Any CPU.Build.0 = Debug|Any CPU
		{228D9FF3-F035-4832-9557-3A4EEB9DDFBF}.Release|Any CPU.ActiveCfg = Release|Any CPU
		{228D9FF3-F035-4832-9557-3A4EEB9DDFBF}.Release|Any CPU.Build.0 = Release|Any CPU
	EndGlobalSection
	GlobalSection(SolutionProperties) = preSolution
		HideSolutionNode = FALSE
	EndGlobalSection
	GlobalSection(ExtensibilityGlobals) = postSolution
		SolutionGuid = {591738B1-C2CB-4E03-A28B-A520868AA55A}
	EndGlobalSection
EndGlobal
