
Microsoft Visual Studio Solution File, Format Version 12.00
# Visual Studio Version 17
VisualStudioVersion = 17.7.34202.233
MinimumVisualStudioVersion = 10.0.40219.1
Project("{9A19103F-16F7-4668-BE54-9A1E7A4F7556}") = "WinFormExercises", "WinFormExercises\WinFormExercises.csproj", "{E7C4D74F-2B3D-41E1-9FE7-7AA30D01A88A}"
EndProject
Project("{9A19103F-16F7-4668-BE54-9A1E7A4F7556}") = "ANK15Burger", "ANK15Burger\ANK15Burger.csproj", "{6AAB2C18-0266-4FA5-9A8B-A57D9C47C8C8}"
EndProject
Project("{9A19103F-16F7-4668-BE54-9A1E7A4F7556}") = "ANK15TRANSKRİPT", "ANK15TRANSKRİPT\ANK15TRANSKRİPT.csproj", "{25C0FB63-653F-430B-BF9A-CECDD8A54F4C}"
EndProject
Project("{9A19103F-16F7-4668-BE54-9A1E7A4F7556}") = "ANK15SayiOyunu", "ANK15SayiOyunu\ANK15SayiOyunu.csproj", "{D4D67C11-E205-4D63-9173-84D02D7DA7F3}"
EndProject
Project("{9A19103F-16F7-4668-BE54-9A1E7A4F7556}") = "ANK15SAYIBUL", "ANK15SAYIBUL\ANK15SAYIBUL.csproj", "{3314F9EA-EC7C-4A90-9E77-784609497A29}"
EndProject
Project("{9A19103F-16F7-4668-BE54-9A1E7A4F7556}") = "UniversiteUygulama", "UniversiteUygulama\UniversiteUygulama.csproj", "{C134C61D-3453-40D9-B91E-2DD4818A77F5}"
EndProject
Project("{9A19103F-16F7-4668-BE54-9A1E7A4F7556}") = "LINQOrnekler", "LINQOrnekler\LINQOrnekler.csproj", "{B0816F2F-0ED5-4F53-A5E0-60262E3844C6}"
EndProject
Project("{9A19103F-16F7-4668-BE54-9A1E7A4F7556}") = "SchoolWindowsForm", "SchoolWindowsForm\SchoolWindowsForm.csproj", "{B16FAD71-EA3C-4AC4-A52C-EDE0C29C91F3}"
EndProject
Project("{9A19103F-16F7-4668-BE54-9A1E7A4F7556}") = "SchoolExercise", "SchoolExercise\SchoolExercise.csproj", "{1B3231D0-0E45-4F57-88FF-013E428BF3C2}"
EndProject
Project("{2150E333-8FDC-42A3-9474-1A3956D46DE8}") = "Ödevler", "Ödevler", "{729BB2F0-BBA4-47C0-9BD2-F54BE6DD2178}"
EndProject
Project("{9A19103F-16F7-4668-BE54-9A1E7A4F7556}") = "ODEV_A_13", "ODEV_A_13\ODEV_A_13.csproj", "{8F1C520D-2844-4F58-9600-3892E47D5D9F}"
EndProject
Project("{9A19103F-16F7-4668-BE54-9A1E7A4F7556}") = "OkulExerciseWF", "OkulExerciseWF\OkulExerciseWF.csproj", "{16C50B53-DDCC-4A8E-A630-03D94723AD6C}"
EndProject
Global
	GlobalSection(SolutionConfigurationPlatforms) = preSolution
		Debug|Any CPU = Debug|Any CPU
		Release|Any CPU = Release|Any CPU
	EndGlobalSection
	GlobalSection(ProjectConfigurationPlatforms) = postSolution
		{E7C4D74F-2B3D-41E1-9FE7-7AA30D01A88A}.Debug|Any CPU.ActiveCfg = Debug|Any CPU
		{E7C4D74F-2B3D-41E1-9FE7-7AA30D01A88A}.Debug|Any CPU.Build.0 = Debug|Any CPU
		{E7C4D74F-2B3D-41E1-9FE7-7AA30D01A88A}.Release|Any CPU.ActiveCfg = Release|Any CPU
		{E7C4D74F-2B3D-41E1-9FE7-7AA30D01A88A}.Release|Any CPU.Build.0 = Release|Any CPU
		{6AAB2C18-0266-4FA5-9A8B-A57D9C47C8C8}.Debug|Any CPU.ActiveCfg = Debug|Any CPU
		{6AAB2C18-0266-4FA5-9A8B-A57D9C47C8C8}.Debug|Any CPU.Build.0 = Debug|Any CPU
		{6AAB2C18-0266-4FA5-9A8B-A57D9C47C8C8}.Release|Any CPU.ActiveCfg = Release|Any CPU
		{6AAB2C18-0266-4FA5-9A8B-A57D9C47C8C8}.Release|Any CPU.Build.0 = Release|Any CPU
		{25C0FB63-653F-430B-BF9A-CECDD8A54F4C}.Debug|Any CPU.ActiveCfg = Debug|Any CPU
		{25C0FB63-653F-430B-BF9A-CECDD8A54F4C}.Debug|Any CPU.Build.0 = Debug|Any CPU
		{25C0FB63-653F-430B-BF9A-CECDD8A54F4C}.Release|Any CPU.ActiveCfg = Release|Any CPU
		{25C0FB63-653F-430B-BF9A-CECDD8A54F4C}.Release|Any CPU.Build.0 = Release|Any CPU
		{D4D67C11-E205-4D63-9173-84D02D7DA7F3}.Debug|Any CPU.ActiveCfg = Debug|Any CPU
		{D4D67C11-E205-4D63-9173-84D02D7DA7F3}.Debug|Any CPU.Build.0 = Debug|Any CPU
		{D4D67C11-E205-4D63-9173-84D02D7DA7F3}.Release|Any CPU.ActiveCfg = Release|Any CPU
		{D4D67C11-E205-4D63-9173-84D02D7DA7F3}.Release|Any CPU.Build.0 = Release|Any CPU
		{3314F9EA-EC7C-4A90-9E77-784609497A29}.Debug|Any CPU.ActiveCfg = Debug|Any CPU
		{3314F9EA-EC7C-4A90-9E77-784609497A29}.Debug|Any CPU.Build.0 = Debug|Any CPU
		{3314F9EA-EC7C-4A90-9E77-784609497A29}.Release|Any CPU.ActiveCfg = Release|Any CPU
		{3314F9EA-EC7C-4A90-9E77-784609497A29}.Release|Any CPU.Build.0 = Release|Any CPU
		{C134C61D-3453-40D9-B91E-2DD4818A77F5}.Debug|Any CPU.ActiveCfg = Debug|Any CPU
		{C134C61D-3453-40D9-B91E-2DD4818A77F5}.Debug|Any CPU.Build.0 = Debug|Any CPU
		{C134C61D-3453-40D9-B91E-2DD4818A77F5}.Release|Any CPU.ActiveCfg = Release|Any CPU
		{C134C61D-3453-40D9-B91E-2DD4818A77F5}.Release|Any CPU.Build.0 = Release|Any CPU
		{B0816F2F-0ED5-4F53-A5E0-60262E3844C6}.Debug|Any CPU.ActiveCfg = Debug|Any CPU
		{B0816F2F-0ED5-4F53-A5E0-60262E3844C6}.Debug|Any CPU.Build.0 = Debug|Any CPU
		{B0816F2F-0ED5-4F53-A5E0-60262E3844C6}.Release|Any CPU.ActiveCfg = Release|Any CPU
		{B0816F2F-0ED5-4F53-A5E0-60262E3844C6}.Release|Any CPU.Build.0 = Release|Any CPU
		{B16FAD71-EA3C-4AC4-A52C-EDE0C29C91F3}.Debug|Any CPU.ActiveCfg = Debug|Any CPU
		{B16FAD71-EA3C-4AC4-A52C-EDE0C29C91F3}.Debug|Any CPU.Build.0 = Debug|Any CPU
		{B16FAD71-EA3C-4AC4-A52C-EDE0C29C91F3}.Release|Any CPU.ActiveCfg = Release|Any CPU
		{B16FAD71-EA3C-4AC4-A52C-EDE0C29C91F3}.Release|Any CPU.Build.0 = Release|Any CPU
		{1B3231D0-0E45-4F57-88FF-013E428BF3C2}.Debug|Any CPU.ActiveCfg = Debug|Any CPU
		{1B3231D0-0E45-4F57-88FF-013E428BF3C2}.Debug|Any CPU.Build.0 = Debug|Any CPU
		{1B3231D0-0E45-4F57-88FF-013E428BF3C2}.Release|Any CPU.ActiveCfg = Release|Any CPU
		{1B3231D0-0E45-4F57-88FF-013E428BF3C2}.Release|Any CPU.Build.0 = Release|Any CPU
		{8F1C520D-2844-4F58-9600-3892E47D5D9F}.Debug|Any CPU.ActiveCfg = Debug|Any CPU
		{8F1C520D-2844-4F58-9600-3892E47D5D9F}.Debug|Any CPU.Build.0 = Debug|Any CPU
		{8F1C520D-2844-4F58-9600-3892E47D5D9F}.Release|Any CPU.ActiveCfg = Release|Any CPU
		{8F1C520D-2844-4F58-9600-3892E47D5D9F}.Release|Any CPU.Build.0 = Release|Any CPU
		{16C50B53-DDCC-4A8E-A630-03D94723AD6C}.Debug|Any CPU.ActiveCfg = Debug|Any CPU
		{16C50B53-DDCC-4A8E-A630-03D94723AD6C}.Debug|Any CPU.Build.0 = Debug|Any CPU
		{16C50B53-DDCC-4A8E-A630-03D94723AD6C}.Release|Any CPU.ActiveCfg = Release|Any CPU
		{16C50B53-DDCC-4A8E-A630-03D94723AD6C}.Release|Any CPU.Build.0 = Release|Any CPU
	EndGlobalSection
	GlobalSection(SolutionProperties) = preSolution
		HideSolutionNode = FALSE
	EndGlobalSection
	GlobalSection(NestedProjects) = preSolution
		{8F1C520D-2844-4F58-9600-3892E47D5D9F} = {729BB2F0-BBA4-47C0-9BD2-F54BE6DD2178}
	EndGlobalSection
	GlobalSection(ExtensibilityGlobals) = postSolution
		SolutionGuid = {A969DBE3-843E-4BF3-9767-4D25DB758FDC}
	EndGlobalSection
EndGlobal
