
Microsoft Visual Studio Solution File, Format Version 12.00
# Visual Studio Version 17
VisualStudioVersion = 17.8.34330.188
MinimumVisualStudioVersion = 10.0.40219.1
Project("{FAE04EC0-301F-11D3-BF4B-00C04F79EFBC}") = "ClassLibrary1", "ClassLibrary1\ClassLibrary1.csproj", "{EE927C36-3B85-43DD-86FC-6A766E5044CC}"
EndProject
Global
	GlobalSection(SolutionConfigurationPlatforms) = preSolution
		Debug|Any CPU = Debug|Any CPU
		Release|Any CPU = Release|Any CPU
	EndGlobalSection
	GlobalSection(ProjectConfigurationPlatforms) = postSolution
		{EE927C36-3B85-43DD-86FC-6A766E5044CC}.Debug|Any CPU.ActiveCfg = Debug|Any CPU
		{EE927C36-3B85-43DD-86FC-6A766E5044CC}.Debug|Any CPU.Build.0 = Debug|Any CPU
		{EE927C36-3B85-43DD-86FC-6A766E5044CC}.Release|Any CPU.ActiveCfg = Release|Any CPU
		{EE927C36-3B85-43DD-86FC-6A766E5044CC}.Release|Any CPU.Build.0 = Release|Any CPU
	EndGlobalSection
	GlobalSection(SolutionProperties) = preSolution
		HideSolutionNode = FALSE
	EndGlobalSection
	GlobalSection(ExtensibilityGlobals) = postSolution
		SolutionGuid = {6D3B28E0-8088-4510-8A26-724EE9549B90}
	EndGlobalSection
EndGlobal
