
Microsoft Visual Studio Solution File, Format Version 12.00
# Visual Studio Version 17
VisualStudioVersion = 17.2.32616.157
MinimumVisualStudioVersion = 10.0.40219.1
Project("{FAE04EC0-301F-11D3-BF4B-00C04F79EFBC}") = "BurgerMenu", "BurgerMenu\BurgerMenu.csproj", "{94CAADF6-334E-4514-BBE4-A18FFF33D486}"
EndProject
Global
	GlobalSection(SolutionConfigurationPlatforms) = preSolution
		Debug|Any CPU = Debug|Any CPU
		Release|Any CPU = Release|Any CPU
	EndGlobalSection
	GlobalSection(ProjectConfigurationPlatforms) = postSolution
		{94CAADF6-334E-4514-BBE4-A18FFF33D486}.Debug|Any CPU.ActiveCfg = Debug|Any CPU
		{94CAADF6-334E-4514-BBE4-A18FFF33D486}.Debug|Any CPU.Build.0 = Debug|Any CPU
		{94CAADF6-334E-4514-BBE4-A18FFF33D486}.Release|Any CPU.ActiveCfg = Release|Any CPU
		{94CAADF6-334E-4514-BBE4-A18FFF33D486}.Release|Any CPU.Build.0 = Release|Any CPU
	EndGlobalSection
	GlobalSection(SolutionProperties) = preSolution
		HideSolutionNode = FALSE
	EndGlobalSection
	GlobalSection(ExtensibilityGlobals) = postSolution
		SolutionGuid = {5BE12F1D-CEA2-429F-938A-7B9FD057028F}
	EndGlobalSection
EndGlobal
