
Microsoft Visual Studio Solution File, Format Version 12.00
# Visual Studio Version 17
VisualStudioVersion = 17.2.32616.157
MinimumVisualStudioVersion = 10.0.40219.1
Project("{FAE04EC0-301F-11D3-BF4B-00C04F79EFBC}") = "Tur_bilgisi", "Tur_bilgisi\Tur_bilgisi.csproj", "{EB041570-CE4F-41BE-AE9A-FE4CD15E8BF3}"
EndProject
Global
	GlobalSection(SolutionConfigurationPlatforms) = preSolution
		Debug|Any CPU = Debug|Any CPU
		Release|Any CPU = Release|Any CPU
	EndGlobalSection
	GlobalSection(ProjectConfigurationPlatforms) = postSolution
		{EB041570-CE4F-41BE-AE9A-FE4CD15E8BF3}.Debug|Any CPU.ActiveCfg = Debug|Any CPU
		{EB041570-CE4F-41BE-AE9A-FE4CD15E8BF3}.Debug|Any CPU.Build.0 = Debug|Any CPU
		{EB041570-CE4F-41BE-AE9A-FE4CD15E8BF3}.Release|Any CPU.ActiveCfg = Release|Any CPU
		{EB041570-CE4F-41BE-AE9A-FE4CD15E8BF3}.Release|Any CPU.Build.0 = Release|Any CPU
	EndGlobalSection
	GlobalSection(SolutionProperties) = preSolution
		HideSolutionNode = FALSE
	EndGlobalSection
	GlobalSection(ExtensibilityGlobals) = postSolution
		SolutionGuid = {22DCF8FD-7CFB-4164-9813-5383ED12DA1F}
	EndGlobalSection
EndGlobal
