
Microsoft Visual Studio Solution File, Format Version 12.00
# Visual Studio Version 17
VisualStudioVersion = 17.7.34024.191
MinimumVisualStudioVersion = 10.0.40219.1
Project("{9A19103F-16F7-4668-BE54-9A1E7A4F7556}") = "HesapMakinesi", "HesapMakinesi\HesapMakinesi.csproj", "{8EDD1113-4068-4D40-A449-43C7DC8D3984}"
EndProject
Project("{9A19103F-16F7-4668-BE54-9A1E7A4F7556}") = "Capsuleme", "Capsuleme\Capsuleme.csproj", "{8A0949F5-5606-4F13-835A-EAF2475FDD2E}"
EndProject
Project("{9A19103F-16F7-4668-BE54-9A1E7A4F7556}") = "odev3SonSoru", "odev3SonSoru\odev3SonSoru.csproj", "{E0861866-372B-483C-A5C2-B1B5686E5AC2}"
EndProject
Project("{FAE04EC0-301F-11D3-BF4B-00C04F79EFBC}") = "LoginOdev", "LoginOdev\LoginOdev.csproj", "{601E321D-C1D6-439F-96A8-800B41BAD26B}"
EndProject
Project("{9A19103F-16F7-4668-BE54-9A1E7A4F7556}") = "GeometriOdev", "GeometriOdev\GeometriOdev.csproj", "{04F79707-F77D-4809-8C10-AB364F4614E0}"
EndProject
Project("{FAE04EC0-301F-11D3-BF4B-00C04F79EFBC}") = "renkdegistirme", "renkdegistirme\renkdegistirme.csproj", "{D03ABB3E-EA5E-4847-BA8A-3F6397CEF839}"
EndProject
Project("{9A19103F-16F7-4668-BE54-9A1E7A4F7556}") = "Odev4", "Odev4\Odev4.csproj", "{8A200884-09FE-4DFF-97F6-8655F0CF98F9}"
EndProject
Project("{9A19103F-16F7-4668-BE54-9A1E7A4F7556}") = "GeometriUygulama", "GeometriUygulama\GeometriUygulama.csproj", "{FAF6DFD2-5775-475B-883C-6BD71868BB0B}"
EndProject
Project("{9A19103F-16F7-4668-BE54-9A1E7A4F7556}") = "AbstarctionGorevşer", "AbstarctionGorevşer\AbstarctionGorevşer.csproj", "{06C09B17-F183-4C1A-A8B6-E439F4EADA3D}"
EndProject
Project("{9A19103F-16F7-4668-BE54-9A1E7A4F7556}") = "Poliformizm_gorev", "Poliformizm_gorev\Poliformizm_gorev.csproj", "{C541CB5F-13B2-4776-9376-B02B780FC2E2}"
EndProject
Project("{9A19103F-16F7-4668-BE54-9A1E7A4F7556}") = "Abstracts_uygulama", "Abstracts_uygulama\Abstracts_uygulama.csproj", "{DDE759CF-F345-4F31-BAAC-999D285AAA60}"
EndProject
Project("{FAE04EC0-301F-11D3-BF4B-00C04F79EFBC}") = "Odev_6", "Odev_6\Odev_6.csproj", "{8704ACC0-35F9-4A85-89E9-322090859A80}"
EndProject
Project("{FAE04EC0-301F-11D3-BF4B-00C04F79EFBC}") = "Odev_6Soru2", "Odev_6Soru2\Odev_6Soru2.csproj", "{334CBF87-1CB0-4476-9754-7D43B4BE2C0A}"
EndProject
Project("{FAE04EC0-301F-11D3-BF4B-00C04F79EFBC}") = "Odev6Soru3", "Odev6Soru3\Odev6Soru3.csproj", "{AD2CEDA8-7BAD-4729-AA02-220FF7B26BAD}"
EndProject
Project("{FAE04EC0-301F-11D3-BF4B-00C04F79EFBC}") = "codeFirstokul", "codeFirstokul\codeFirstokul.csproj", "{B2F53B6F-E72C-43BE-B748-E0BB65D96834}"
EndProject
Global
	GlobalSection(SolutionConfigurationPlatforms) = preSolution
		Debug|Any CPU = Debug|Any CPU
		Release|Any CPU = Release|Any CPU
	EndGlobalSection
	GlobalSection(ProjectConfigurationPlatforms) = postSolution
		{8EDD1113-4068-4D40-A449-43C7DC8D3984}.Debug|Any CPU.ActiveCfg = Debug|Any CPU
		{8EDD1113-4068-4D40-A449-43C7DC8D3984}.Debug|Any CPU.Build.0 = Debug|Any CPU
		{8EDD1113-4068-4D40-A449-43C7DC8D3984}.Release|Any CPU.ActiveCfg = Release|Any CPU
		{8EDD1113-4068-4D40-A449-43C7DC8D3984}.Release|Any CPU.Build.0 = Release|Any CPU
		{8A0949F5-5606-4F13-835A-EAF2475FDD2E}.Debug|Any CPU.ActiveCfg = Debug|Any CPU
		{8A0949F5-5606-4F13-835A-EAF2475FDD2E}.Debug|Any CPU.Build.0 = Debug|Any CPU
		{8A0949F5-5606-4F13-835A-EAF2475FDD2E}.Release|Any CPU.ActiveCfg = Release|Any CPU
		{8A0949F5-5606-4F13-835A-EAF2475FDD2E}.Release|Any CPU.Build.0 = Release|Any CPU
		{E0861866-372B-483C-A5C2-B1B5686E5AC2}.Debug|Any CPU.ActiveCfg = Debug|Any CPU
		{E0861866-372B-483C-A5C2-B1B5686E5AC2}.Debug|Any CPU.Build.0 = Debug|Any CPU
		{E0861866-372B-483C-A5C2-B1B5686E5AC2}.Release|Any CPU.ActiveCfg = Release|Any CPU
		{E0861866-372B-483C-A5C2-B1B5686E5AC2}.Release|Any CPU.Build.0 = Release|Any CPU
		{601E321D-C1D6-439F-96A8-800B41BAD26B}.Debug|Any CPU.ActiveCfg = Debug|Any CPU
		{601E321D-C1D6-439F-96A8-800B41BAD26B}.Debug|Any CPU.Build.0 = Debug|Any CPU
		{601E321D-C1D6-439F-96A8-800B41BAD26B}.Release|Any CPU.ActiveCfg = Release|Any CPU
		{601E321D-C1D6-439F-96A8-800B41BAD26B}.Release|Any CPU.Build.0 = Release|Any CPU
		{04F79707-F77D-4809-8C10-AB364F4614E0}.Debug|Any CPU.ActiveCfg = Debug|Any CPU
		{04F79707-F77D-4809-8C10-AB364F4614E0}.Debug|Any CPU.Build.0 = Debug|Any CPU
		{04F79707-F77D-4809-8C10-AB364F4614E0}.Release|Any CPU.ActiveCfg = Release|Any CPU
		{04F79707-F77D-4809-8C10-AB364F4614E0}.Release|Any CPU.Build.0 = Release|Any CPU
		{D03ABB3E-EA5E-4847-BA8A-3F6397CEF839}.Debug|Any CPU.ActiveCfg = Debug|Any CPU
		{D03ABB3E-EA5E-4847-BA8A-3F6397CEF839}.Debug|Any CPU.Build.0 = Debug|Any CPU
		{D03ABB3E-EA5E-4847-BA8A-3F6397CEF839}.Release|Any CPU.ActiveCfg = Release|Any CPU
		{D03ABB3E-EA5E-4847-BA8A-3F6397CEF839}.Release|Any CPU.Build.0 = Release|Any CPU
		{8A200884-09FE-4DFF-97F6-8655F0CF98F9}.Debug|Any CPU.ActiveCfg = Debug|Any CPU
		{8A200884-09FE-4DFF-97F6-8655F0CF98F9}.Debug|Any CPU.Build.0 = Debug|Any CPU
		{8A200884-09FE-4DFF-97F6-8655F0CF98F9}.Release|Any CPU.ActiveCfg = Release|Any CPU
		{8A200884-09FE-4DFF-97F6-8655F0CF98F9}.Release|Any CPU.Build.0 = Release|Any CPU
		{FAF6DFD2-5775-475B-883C-6BD71868BB0B}.Debug|Any CPU.ActiveCfg = Debug|Any CPU
		{FAF6DFD2-5775-475B-883C-6BD71868BB0B}.Debug|Any CPU.Build.0 = Debug|Any CPU
		{FAF6DFD2-5775-475B-883C-6BD71868BB0B}.Release|Any CPU.ActiveCfg = Release|Any CPU
		{FAF6DFD2-5775-475B-883C-6BD71868BB0B}.Release|Any CPU.Build.0 = Release|Any CPU
		{06C09B17-F183-4C1A-A8B6-E439F4EADA3D}.Debug|Any CPU.ActiveCfg = Debug|Any CPU
		{06C09B17-F183-4C1A-A8B6-E439F4EADA3D}.Debug|Any CPU.Build.0 = Debug|Any CPU
		{06C09B17-F183-4C1A-A8B6-E439F4EADA3D}.Release|Any CPU.ActiveCfg = Release|Any CPU
		{06C09B17-F183-4C1A-A8B6-E439F4EADA3D}.Release|Any CPU.Build.0 = Release|Any CPU
		{C541CB5F-13B2-4776-9376-B02B780FC2E2}.Debug|Any CPU.ActiveCfg = Debug|Any CPU
		{C541CB5F-13B2-4776-9376-B02B780FC2E2}.Debug|Any CPU.Build.0 = Debug|Any CPU
		{C541CB5F-13B2-4776-9376-B02B780FC2E2}.Release|Any CPU.ActiveCfg = Release|Any CPU
		{C541CB5F-13B2-4776-9376-B02B780FC2E2}.Release|Any CPU.Build.0 = Release|Any CPU
		{DDE759CF-F345-4F31-BAAC-999D285AAA60}.Debug|Any CPU.ActiveCfg = Debug|Any CPU
		{DDE759CF-F345-4F31-BAAC-999D285AAA60}.Debug|Any CPU.Build.0 = Debug|Any CPU
		{DDE759CF-F345-4F31-BAAC-999D285AAA60}.Release|Any CPU.ActiveCfg = Release|Any CPU
		{DDE759CF-F345-4F31-BAAC-999D285AAA60}.Release|Any CPU.Build.0 = Release|Any CPU
		{8704ACC0-35F9-4A85-89E9-322090859A80}.Debug|Any CPU.ActiveCfg = Debug|Any CPU
		{8704ACC0-35F9-4A85-89E9-322090859A80}.Debug|Any CPU.Build.0 = Debug|Any CPU
		{8704ACC0-35F9-4A85-89E9-322090859A80}.Release|Any CPU.ActiveCfg = Release|Any CPU
		{8704ACC0-35F9-4A85-89E9-322090859A80}.Release|Any CPU.Build.0 = Release|Any CPU
		{334CBF87-1CB0-4476-9754-7D43B4BE2C0A}.Debug|Any CPU.ActiveCfg = Debug|Any CPU
		{334CBF87-1CB0-4476-9754-7D43B4BE2C0A}.Debug|Any CPU.Build.0 = Debug|Any CPU
		{334CBF87-1CB0-4476-9754-7D43B4BE2C0A}.Release|Any CPU.ActiveCfg = Release|Any CPU
		{334CBF87-1CB0-4476-9754-7D43B4BE2C0A}.Release|Any CPU.Build.0 = Release|Any CPU
		{AD2CEDA8-7BAD-4729-AA02-220FF7B26BAD}.Debug|Any CPU.ActiveCfg = Debug|Any CPU
		{AD2CEDA8-7BAD-4729-AA02-220FF7B26BAD}.Debug|Any CPU.Build.0 = Debug|Any CPU
		{AD2CEDA8-7BAD-4729-AA02-220FF7B26BAD}.Release|Any CPU.ActiveCfg = Release|Any CPU
		{AD2CEDA8-7BAD-4729-AA02-220FF7B26BAD}.Release|Any CPU.Build.0 = Release|Any CPU
		{B2F53B6F-E72C-43BE-B748-E0BB65D96834}.Debug|Any CPU.ActiveCfg = Debug|Any CPU
		{B2F53B6F-E72C-43BE-B748-E0BB65D96834}.Debug|Any CPU.Build.0 = Debug|Any CPU
		{B2F53B6F-E72C-43BE-B748-E0BB65D96834}.Release|Any CPU.ActiveCfg = Release|Any CPU
		{B2F53B6F-E72C-43BE-B748-E0BB65D96834}.Release|Any CPU.Build.0 = Release|Any CPU
	EndGlobalSection
	GlobalSection(SolutionProperties) = preSolution
		HideSolutionNode = FALSE
	EndGlobalSection
	GlobalSection(ExtensibilityGlobals) = postSolution
		SolutionGuid = {22B1C2A9-D7CA-4719-8C94-2917F83DC2B8}
	EndGlobalSection
EndGlobal
