
Microsoft Visual Studio Solution File, Format Version 12.00
# Visual Studio Version 17
VisualStudioVersion = 17.2.32616.157
MinimumVisualStudioVersion = 10.0.40219.1
Project("{FAE04EC0-301F-11D3-BF4B-00C04F79EFBC}") = "Kisi_Bilgisi", "Kisi_Bilgisi\Kisi_Bilgisi.csproj", "{0B2034D1-CF03-4E86-B686-B174DB64DE27}"
EndProject
Global
	GlobalSection(SolutionConfigurationPlatforms) = preSolution
		Debug|Any CPU = Debug|Any CPU
		Release|Any CPU = Release|Any CPU
	EndGlobalSection
	GlobalSection(ProjectConfigurationPlatforms) = postSolution
		{0B2034D1-CF03-4E86-B686-B174DB64DE27}.Debug|Any CPU.ActiveCfg = Debug|Any CPU
		{0B2034D1-CF03-4E86-B686-B174DB64DE27}.Debug|Any CPU.Build.0 = Debug|Any CPU
		{0B2034D1-CF03-4E86-B686-B174DB64DE27}.Release|Any CPU.ActiveCfg = Release|Any CPU
		{0B2034D1-CF03-4E86-B686-B174DB64DE27}.Release|Any CPU.Build.0 = Release|Any CPU
	EndGlobalSection
	GlobalSection(SolutionProperties) = preSolution
		HideSolutionNode = FALSE
	EndGlobalSection
	GlobalSection(ExtensibilityGlobals) = postSolution
		SolutionGuid = {7E72FAC2-4989-43F7-BDE1-1C2C3FC0446A}
	EndGlobalSection
EndGlobal
