
Microsoft Visual Studio Solution File, Format Version 12.00
# Visual Studio Version 17
VisualStudioVersion = 17.7.34202.233
MinimumVisualStudioVersion = 10.0.40219.1
Project("{FAE04EC0-301F-11D3-BF4B-00C04F79EFBC}") = "canli", "canli\canli.csproj", "{6FBC286E-BB84-435B-904D-C828152E004D}"
EndProject
Global
	GlobalSection(SolutionConfigurationPlatforms) = preSolution
		Debug|Any CPU = Debug|Any CPU
		Release|Any CPU = Release|Any CPU
	EndGlobalSection
	GlobalSection(ProjectConfigurationPlatforms) = postSolution
		{6FBC286E-BB84-435B-904D-C828152E004D}.Debug|Any CPU.ActiveCfg = Debug|Any CPU
		{6FBC286E-BB84-435B-904D-C828152E004D}.Debug|Any CPU.Build.0 = Debug|Any CPU
		{6FBC286E-BB84-435B-904D-C828152E004D}.Release|Any CPU.ActiveCfg = Release|Any CPU
		{6FBC286E-BB84-435B-904D-C828152E004D}.Release|Any CPU.Build.0 = Release|Any CPU
	EndGlobalSection
	GlobalSection(SolutionProperties) = preSolution
		HideSolutionNode = FALSE
	EndGlobalSection
	GlobalSection(ExtensibilityGlobals) = postSolution
		SolutionGuid = {5F085CC9-4D3A-4A3B-915E-CCB3CC26FE5B}
	EndGlobalSection
EndGlobal
